
Microsoft Visual Studio Solution File, Format Version 12.00
# Visual Studio Version 17
VisualStudioVersion = 17.9.34728.123
MinimumVisualStudioVersion = 10.0.40219.1
Project("{9A19103F-16F7-4668-BE54-9A1E7A4F7556}") = "Csharp.Api", "Csharp.Api.csproj", "{EFDF8FFC-DD5A-4F9D-BF4E-3B1A55B49617}"
EndProject
Global
	GlobalSection(SolutionConfigurationPlatforms) = preSolution
		Debug|Any CPU = Debug|Any CPU
		Release|Any CPU = Release|Any CPU
	EndGlobalSection
	GlobalSection(ProjectConfigurationPlatforms) = postSolution
		{EFDF8FFC-DD5A-4F9D-BF4E-3B1A55B49617}.Debug|Any CPU.ActiveCfg = Debug|Any CPU
		{EFDF8FFC-DD5A-4F9D-BF4E-3B1A55B49617}.Debug|Any CPU.Build.0 = Debug|Any CPU
		{EFDF8FFC-DD5A-4F9D-BF4E-3B1A55B49617}.Release|Any CPU.ActiveCfg = Release|Any CPU
		{EFDF8FFC-DD5A-4F9D-BF4E-3B1A55B49617}.Release|Any CPU.Build.0 = Release|Any CPU
	EndGlobalSection
	GlobalSection(SolutionProperties) = preSolution
		HideSolutionNode = FALSE
	EndGlobalSection
	GlobalSection(ExtensibilityGlobals) = postSolution
		SolutionGuid = {BBA0DA5D-8639-49F4-9AC1-A21472E8E381}
	EndGlobalSection
EndGlobal
